{
  "version": 4,
  "terraform_version": "1.4.4",
  "serial": 4,
  "lineage": "4a209685-9996-e429-38c2-bb5db3c1ea05",
  "outputs": {},
  "resources": [
    {
      "mode": "managed",
      "type": "newrelic_one_dashboard",
      "name": "naman_dashboard",
      "provider": "provider[\"registry.terraform.io/newrelic/newrelic\"]",
      "instances": [
        {
          "index_key": "0",
          "schema_version": 0,
          "attributes": {
            "account_id": 3999429,
            "description": null,
            "guid": "Mzk5OTQyOXxWSVp8REFTSEJPQVJEfGRhOjM4NTQ1MDQ",
            "id": "Mzk5OTQyOXxWSVp8REFTSEJPQVJEfGRhOjM4NTQ1MDQ",
            "name": "New Relic Dashboard",
            "page": [
              {
                "description": "",
                "guid": "Mzk5OTQyOXxWSVp8REFTSEJPQVJEfDEwNzMyMzk5",
                "name": "New Relic TF Dashboard ",
                "widget_area": [],
                "widget_bar": [
                  {
                    "colors": [],
                    "column": 1,
                    "facet_show_other_series": false,
                    "filter_current_dashboard": false,
                    "height": 4,
                    "id": "160455692",
                    "ignore_time_range": false,
                    "legend_enabled": true,
                    "linked_entity_guids": [],
                    "nrql_query": [
                      {
                        "account_id": 3999429,
                        "query": "SELECT count(*) FROM Transaction FACET http.statusText"
                      }
                    ],
                    "null_values": [],
                    "row": 2,
                    "title": "Transactions grouped by HTTP status",
                    "units": [],
                    "width": 12,
                    "y_axis_left_max": 0,
                    "y_axis_left_min": 0
                  }
                ],
                "widget_billboard": [
                  {
                    "colors": [],
                    "column": 1,
                    "critical": "",
                    "facet_show_other_series": false,
                    "height": 4,
                    "id": "160455693",
                    "ignore_time_range": false,
                    "legend_enabled": true,
                    "nrql_query": [
                      {
                        "account_id": 3999429,
                        "query": "SELECT count(*) FROM Transaction FACET http.statusText"
                      }
                    ],
                    "null_values": [],
                    "row": 1,
                    "title": "Transactions grouped by HTTP status",
                    "units": [],
                    "warning": "",
                    "width": 12,
                    "y_axis_left_max": 0,
                    "y_axis_left_min": 0
                  }
                ],
                "widget_bullet": [],
                "widget_funnel": [],
                "widget_heatmap": [],
                "widget_histogram": [],
                "widget_json": [],
                "widget_line": [],
                "widget_log_table": [],
                "widget_markdown": [],
                "widget_pie": [],
                "widget_stacked_bar": [],
                "widget_table": []
              }
            ],
            "permalink": "https://one.newrelic.com/redirect/entity/Mzk5OTQyOXxWSVp8REFTSEJPQVJEfGRhOjM4NTQ1MDQ",
            "permissions": "public_read_only",
            "variable": []
          },
          "sensitive_attributes": [],
          "private": "bnVsbA=="
        },
        {
          "index_key": "1",
          "schema_version": 0,
          "attributes": {
            "account_id": 3999429,
            "description": null,
            "guid": "Mzk5OTQyOXxWSVp8REFTSEJPQVJEfGRhOjM4NTQ1MDM",
            "id": "Mzk5OTQyOXxWSVp8REFTSEJPQVJEfGRhOjM4NTQ1MDM",
            "name": "New Relic Dashboard",
            "page": [
              {
                "description": "",
                "guid": "Mzk5OTQyOXxWSVp8REFTSEJPQVJEfDEwNzMyMzk4",
                "name": "New Relic TF Dashboard ",
                "widget_area": [],
                "widget_bar": [
                  {
                    "colors": [],
                    "column": 1,
                    "facet_show_other_series": false,
                    "filter_current_dashboard": false,
                    "height": 4,
                    "id": "160455690",
                    "ignore_time_range": false,
                    "legend_enabled": true,
                    "linked_entity_guids": [],
                    "nrql_query": [
                      {
                        "account_id": 3999429,
                        "query": "FROM Transaction SELECT rate(count(*), 1 minute)"
                      }
                    ],
                    "null_values": [],
                    "row": 2,
                    "title": "Requests per minute",
                    "units": [],
                    "width": 12,
                    "y_axis_left_max": 0,
                    "y_axis_left_min": 0
                  }
                ],
                "widget_billboard": [
                  {
                    "colors": [],
                    "column": 1,
                    "critical": "",
                    "facet_show_other_series": false,
                    "height": 4,
                    "id": "160455691",
                    "ignore_time_range": false,
                    "legend_enabled": true,
                    "nrql_query": [
                      {
                        "account_id": 3999429,
                        "query": "FROM Transaction SELECT rate(count(*), 1 minute)"
                      }
                    ],
                    "null_values": [],
                    "row": 1,
                    "title": "Requests per minute",
                    "units": [],
                    "warning": "",
                    "width": 12,
                    "y_axis_left_max": 0,
                    "y_axis_left_min": 0
                  }
                ],
                "widget_bullet": [],
                "widget_funnel": [],
                "widget_heatmap": [],
                "widget_histogram": [],
                "widget_json": [],
                "widget_line": [],
                "widget_log_table": [],
                "widget_markdown": [],
                "widget_pie": [],
                "widget_stacked_bar": [],
                "widget_table": []
              }
            ],
            "permalink": "https://one.newrelic.com/redirect/entity/Mzk5OTQyOXxWSVp8REFTSEJPQVJEfGRhOjM4NTQ1MDM",
            "permissions": "public_read_only",
            "variable": []
          },
          "sensitive_attributes": [],
          "private": "bnVsbA=="
        }
      ]
    }
  ],
  "check_results": null
}
